
Microsoft Visual Studio Solution File, Format Version 12.00
# Visual Studio Version 17
VisualStudioVersion = 17.12.35707.178 d17.12
MinimumVisualStudioVersion = 10.0.40219.1
Project("{FAE04EC0-301F-11D3-BF4B-00C04F79EFBC}") = "test.10.06.25", "test.10.06.25\test.10.06.25.csproj", "{CADBDA24-6200-49B8-977A-06CBA3EBFF09}"
EndProject
Global
	GlobalSection(SolutionConfigurationPlatforms) = preSolution
		Debug|Any CPU = Debug|Any CPU
		Release|Any CPU = Release|Any CPU
	EndGlobalSection
	GlobalSection(ProjectConfigurationPlatforms) = postSolution
		{CADBDA24-6200-49B8-977A-06CBA3EBFF09}.Debug|Any CPU.ActiveCfg = Debug|Any CPU
		{CADBDA24-6200-49B8-977A-06CBA3EBFF09}.Debug|Any CPU.Build.0 = Debug|Any CPU
		{CADBDA24-6200-49B8-977A-06CBA3EBFF09}.Release|Any CPU.ActiveCfg = Release|Any CPU
		{CADBDA24-6200-49B8-977A-06CBA3EBFF09}.Release|Any CPU.Build.0 = Release|Any CPU
	EndGlobalSection
	GlobalSection(SolutionProperties) = preSolution
		HideSolutionNode = FALSE
	EndGlobalSection
EndGlobal
